// !$*UTF8*$!
{
	archiveVersion = 1;
	classes = {
	};
	objectVersion = 50;
	objects = {

/* Begin PBXBuildFile section */
		EA34E60822F0440D009251FF /* AppDelegate.swift in Sources */ = {isa = PBXBuildFile; fileRef = EA34E60722F0440D009251FF /* AppDelegate.swift */; };
		EA34E60D22F0440D009251FF /* Main.storyboard in Resources */ = {isa = PBXBuildFile; fileRef = EA34E60B22F0440D009251FF /* Main.storyboard */; };
		EA34E61022F0440D009251FF /* Hotel.xcdatamodeld in Sources */ = {isa = PBXBuildFile; fileRef = EA34E60E22F0440D009251FF /* Hotel.xcdatamodeld */; };
		EA34E61222F04413009251FF /* Assets.xcassets in Resources */ = {isa = PBXBuildFile; fileRef = EA34E61122F04413009251FF /* Assets.xcassets */; };
		EA34E61522F04413009251FF /* LaunchScreen.storyboard in Resources */ = {isa = PBXBuildFile; fileRef = EA34E61322F04413009251FF /* LaunchScreen.storyboard */; };
		EA34E62E22F0DFF1009251FF /* ResponseAndParse.swift in Sources */ = {isa = PBXBuildFile; fileRef = EA34E62D22F0DFF1009251FF /* ResponseAndParse.swift */; };
		EA34E63222F1A19A009251FF /* HotelModel.swift in Sources */ = {isa = PBXBuildFile; fileRef = EA34E63122F1A19A009251FF /* HotelModel.swift */; };
		EA34E63422F32BD4009251FF /* document.json in Resources */ = {isa = PBXBuildFile; fileRef = EA34E63322F32BD3009251FF /* document.json */; };
		EA8D5A5B22FB28F9004EFD26 /* DetailViewController.swift in Sources */ = {isa = PBXBuildFile; fileRef = EA8D5A5A22FB28F9004EFD26 /* DetailViewController.swift */; };
		EA8D5A5D22FB2E1E004EFD26 /* DetailCell.swift in Sources */ = {isa = PBXBuildFile; fileRef = EA8D5A5C22FB2E1E004EFD26 /* DetailCell.swift */; };
		EA9715DD22FD54D7000F1C7F /* CollectionView.swift in Sources */ = {isa = PBXBuildFile; fileRef = EA9715DC22FD54D7000F1C7F /* CollectionView.swift */; };
		EA9715E322FD8758000F1C7F /* OrderViewController.swift in Sources */ = {isa = PBXBuildFile; fileRef = EA9715E222FD8758000F1C7F /* OrderViewController.swift */; };
		EAA4E97422F5B3C200907BE0 /* ListHotelsViewController.swift in Sources */ = {isa = PBXBuildFile; fileRef = EAA4E97322F5B3C200907BE0 /* ListHotelsViewController.swift */; };
		EAA4E97622F5B5C100907BE0 /* HotelCell.swift in Sources */ = {isa = PBXBuildFile; fileRef = EAA4E97522F5B5C100907BE0 /* HotelCell.swift */; };
		EAA4E97A22F5DEBA00907BE0 /* RoomViewController.swift in Sources */ = {isa = PBXBuildFile; fileRef = EAA4E97922F5DEBA00907BE0 /* RoomViewController.swift */; };
		EAA4E97C22F5E0CC00907BE0 /* RoomCell.swift in Sources */ = {isa = PBXBuildFile; fileRef = EAA4E97B22F5E0CC00907BE0 /* RoomCell.swift */; };
/* End PBXBuildFile section */

/* Begin PBXFileReference section */
		EA34E60422F0440C009251FF /* Hotel.app */ = {isa = PBXFileReference; explicitFileType = wrapper.application; includeInIndex = 0; path = Hotel.app; sourceTree = BUILT_PRODUCTS_DIR; };
		EA34E60722F0440D009251FF /* AppDelegate.swift */ = {isa = PBXFileReference; lastKnownFileType = sourcecode.swift; path = AppDelegate.swift; sourceTree = "<group>"; };
		EA34E60C22F0440D009251FF /* Base */ = {isa = PBXFileReference; lastKnownFileType = file.storyboard; name = Base; path = Base.lproj/Main.storyboard; sourceTree = "<group>"; };
		EA34E60F22F0440D009251FF /* Hotel.xcdatamodel */ = {isa = PBXFileReference; lastKnownFileType = wrapper.xcdatamodel; path = Hotel.xcdatamodel; sourceTree = "<group>"; };
		EA34E61122F04413009251FF /* Assets.xcassets */ = {isa = PBXFileReference; lastKnownFileType = folder.assetcatalog; path = Assets.xcassets; sourceTree = "<group>"; };
		EA34E61422F04413009251FF /* Base */ = {isa = PBXFileReference; lastKnownFileType = file.storyboard; name = Base; path = Base.lproj/LaunchScreen.storyboard; sourceTree = "<group>"; };
		EA34E61622F04413009251FF /* Info.plist */ = {isa = PBXFileReference; lastKnownFileType = text.plist.xml; path = Info.plist; sourceTree = "<group>"; };
		EA34E62D22F0DFF1009251FF /* ResponseAndParse.swift */ = {isa = PBXFileReference; lastKnownFileType = sourcecode.swift; path = ResponseAndParse.swift; sourceTree = "<group>"; };
		EA34E63122F1A19A009251FF /* HotelModel.swift */ = {isa = PBXFileReference; lastKnownFileType = sourcecode.swift; path = HotelModel.swift; sourceTree = "<group>"; };
		EA34E63322F32BD3009251FF /* document.json */ = {isa = PBXFileReference; fileEncoding = 4; lastKnownFileType = text.json; name = document.json; path = ../../../../Downloads/document.json; sourceTree = "<group>"; };
		EA8D5A5A22FB28F9004EFD26 /* DetailViewController.swift */ = {isa = PBXFileReference; lastKnownFileType = sourcecode.swift; path = DetailViewController.swift; sourceTree = "<group>"; };
		EA8D5A5C22FB2E1E004EFD26 /* DetailCell.swift */ = {isa = PBXFileReference; lastKnownFileType = sourcecode.swift; path = DetailCell.swift; sourceTree = "<group>"; };
		EA9715DC22FD54D7000F1C7F /* CollectionView.swift */ = {isa = PBXFileReference; lastKnownFileType = sourcecode.swift; path = CollectionView.swift; sourceTree = "<group>"; };
		EA9715E222FD8758000F1C7F /* OrderViewController.swift */ = {isa = PBXFileReference; lastKnownFileType = sourcecode.swift; path = OrderViewController.swift; sourceTree = "<group>"; };
		EAA4E97322F5B3C200907BE0 /* ListHotelsViewController.swift */ = {isa = PBXFileReference; lastKnownFileType = sourcecode.swift; path = ListHotelsViewController.swift; sourceTree = "<group>"; };
		EAA4E97522F5B5C100907BE0 /* HotelCell.swift */ = {isa = PBXFileReference; lastKnownFileType = sourcecode.swift; path = HotelCell.swift; sourceTree = "<group>"; };
		EAA4E97922F5DEBA00907BE0 /* RoomViewController.swift */ = {isa = PBXFileReference; lastKnownFileType = sourcecode.swift; path = RoomViewController.swift; sourceTree = "<group>"; };
		EAA4E97B22F5E0CC00907BE0 /* RoomCell.swift */ = {isa = PBXFileReference; lastKnownFileType = sourcecode.swift; path = RoomCell.swift; sourceTree = "<group>"; };
/* End PBXFileReference section */

/* Begin PBXFrameworksBuildPhase section */
		EA34E60122F0440C009251FF /* Frameworks */ = {
			isa = PBXFrameworksBuildPhase;
			buildActionMask = 2147483647;
			files = (
			);
			runOnlyForDeploymentPostprocessing = 0;
		};
/* End PBXFrameworksBuildPhase section */

/* Begin PBXGroup section */
		EA34E5FB22F0440C009251FF = {
			isa = PBXGroup;
			children = (
				EA34E60622F0440C009251FF /* Hotel */,
				EA34E60522F0440C009251FF /* Products */,
			);
			sourceTree = "<group>";
		};
		EA34E60522F0440C009251FF /* Products */ = {
			isa = PBXGroup;
			children = (
				EA34E60422F0440C009251FF /* Hotel.app */,
			);
			name = Products;
			sourceTree = "<group>";
		};
		EA34E60622F0440C009251FF /* Hotel */ = {
			isa = PBXGroup;
			children = (
				EA34E61F22F0499C009251FF /* Application */,
				EA34E61C22F048FB009251FF /* ListHotels */,
				EA34E61E22F0495C009251FF /* Room */,
				EA34E61D22F0492F009251FF /*  DetailRoom */,
				EA9715DE22FD8688000F1C7F /* Order */,
				EA34E61122F04413009251FF /* Assets.xcassets */,
				EA34E61622F04413009251FF /* Info.plist */,
				EA34E60E22F0440D009251FF /* Hotel.xcdatamodeld */,
				EA34E63322F32BD3009251FF /* document.json */,
			);
			path = Hotel;
			sourceTree = "<group>";
		};
		EA34E61C22F048FB009251FF /* ListHotels */ = {
			isa = PBXGroup;
			children = (
				EA34E62C22F0DF21009251FF /* Responses */,
				EA34E62522F04BB2009251FF /* Model */,
				EA34E62422F04B9A009251FF /* View */,
				EA34E62322F04AF5009251FF /* Controller */,
			);
			path = ListHotels;
			sourceTree = "<group>";
		};
		EA34E61D22F0492F009251FF /*  DetailRoom */ = {
			isa = PBXGroup;
			children = (
				EA8D5A5822FB2806004EFD26 /* View */,
				EA8D5A5922FB2813004EFD26 /* Controller */,
				EA9715DB22FD5453000F1C7F /* Extension */,
			);
			path = " DetailRoom";
			sourceTree = "<group>";
		};
		EA34E61E22F0495C009251FF /* Room */ = {
			isa = PBXGroup;
			children = (
				EA34E62822F04BD9009251FF /* Model */,
				EA34E62722F04BD2009251FF /* View */,
				EA34E62622F04BC7009251FF /* Controller */,
			);
			path = Room;
			sourceTree = "<group>";
		};
		EA34E61F22F0499C009251FF /* Application */ = {
			isa = PBXGroup;
			children = (
				EA34E62222F049C6009251FF /* Model */,
				EA34E62122F049B7009251FF /* View */,
				EA34E62022F049A8009251FF /* Controller */,
			);
			path = Application;
			sourceTree = "<group>";
		};
		EA34E62022F049A8009251FF /* Controller */ = {
			isa = PBXGroup;
			children = (
				EA34E60722F0440D009251FF /* AppDelegate.swift */,
			);
			path = Controller;
			sourceTree = "<group>";
		};
		EA34E62122F049B7009251FF /* View */ = {
			isa = PBXGroup;
			children = (
				EA34E61322F04413009251FF /* LaunchScreen.storyboard */,
				EA34E60B22F0440D009251FF /* Main.storyboard */,
			);
			name = View;
			sourceTree = "<group>";
		};
		EA34E62222F049C6009251FF /* Model */ = {
			isa = PBXGroup;
			children = (
			);
			path = Model;
			sourceTree = "<group>";
		};
		EA34E62322F04AF5009251FF /* Controller */ = {
			isa = PBXGroup;
			children = (
				EAA4E97322F5B3C200907BE0 /* ListHotelsViewController.swift */,
			);
			path = Controller;
			sourceTree = "<group>";
		};
		EA34E62422F04B9A009251FF /* View */ = {
			isa = PBXGroup;
			children = (
				EAA4E97522F5B5C100907BE0 /* HotelCell.swift */,
			);
			path = View;
			sourceTree = "<group>";
		};
		EA34E62522F04BB2009251FF /* Model */ = {
			isa = PBXGroup;
			children = (
				EA34E63122F1A19A009251FF /* HotelModel.swift */,
			);
			path = Model;
			sourceTree = "<group>";
		};
		EA34E62622F04BC7009251FF /* Controller */ = {
			isa = PBXGroup;
			children = (
				EAA4E97922F5DEBA00907BE0 /* RoomViewController.swift */,
			);
			path = Controller;
			sourceTree = "<group>";
		};
		EA34E62722F04BD2009251FF /* View */ = {
			isa = PBXGroup;
			children = (
				EAA4E97B22F5E0CC00907BE0 /* RoomCell.swift */,
			);
			path = View;
			sourceTree = "<group>";
		};
		EA34E62822F04BD9009251FF /* Model */ = {
			isa = PBXGroup;
			children = (
			);
			path = Model;
			sourceTree = "<group>";
		};
		EA34E62C22F0DF21009251FF /* Responses */ = {
			isa = PBXGroup;
			children = (
				EA34E62D22F0DFF1009251FF /* ResponseAndParse.swift */,
			);
			path = Responses;
			sourceTree = "<group>";
		};
		EA8D5A5822FB2806004EFD26 /* View */ = {
			isa = PBXGroup;
			children = (
				EA8D5A5C22FB2E1E004EFD26 /* DetailCell.swift */,
			);
			path = View;
			sourceTree = "<group>";
		};
		EA8D5A5922FB2813004EFD26 /* Controller */ = {
			isa = PBXGroup;
			children = (
				EA8D5A5A22FB28F9004EFD26 /* DetailViewController.swift */,
			);
			path = Controller;
			sourceTree = "<group>";
		};
		EA9715DB22FD5453000F1C7F /* Extension */ = {
			isa = PBXGroup;
			children = (
				EA9715DC22FD54D7000F1C7F /* CollectionView.swift */,
			);
			path = Extension;
			sourceTree = "<group>";
		};
		EA9715DE22FD8688000F1C7F /* Order */ = {
			isa = PBXGroup;
			children = (
				EA9715E122FD86F0000F1C7F /* Model */,
				EA9715E022FD86E6000F1C7F /* View */,
				EA9715DF22FD86D8000F1C7F /* Controller */,
			);
			path = Order;
			sourceTree = "<group>";
		};
		EA9715DF22FD86D8000F1C7F /* Controller */ = {
			isa = PBXGroup;
			children = (
				EA9715E222FD8758000F1C7F /* OrderViewController.swift */,
			);
			path = Controller;
			sourceTree = "<group>";
		};
		EA9715E022FD86E6000F1C7F /* View */ = {
			isa = PBXGroup;
			children = (
			);
			path = View;
			sourceTree = "<group>";
		};
		EA9715E122FD86F0000F1C7F /* Model */ = {
			isa = PBXGroup;
			children = (
			);
			path = Model;
			sourceTree = "<group>";
		};
/* End PBXGroup section */

/* Begin PBXNativeTarget section */
		EA34E60322F0440C009251FF /* Hotel */ = {
			isa = PBXNativeTarget;
			buildConfigurationList = EA34E61922F04413009251FF /* Build configuration list for PBXNativeTarget "Hotel" */;
			buildPhases = (
				EA34E60022F0440C009251FF /* Sources */,
				EA34E60122F0440C009251FF /* Frameworks */,
				EA34E60222F0440C009251FF /* Resources */,
			);
			buildRules = (
			);
			dependencies = (
			);
			name = Hotel;
			productName = Hotel;
			productReference = EA34E60422F0440C009251FF /* Hotel.app */;
			productType = "com.apple.product-type.application";
		};
/* End PBXNativeTarget section */

/* Begin PBXProject section */
		EA34E5FC22F0440C009251FF /* Project object */ = {
			isa = PBXProject;
			attributes = {
				LastSwiftUpdateCheck = 1010;
				LastUpgradeCheck = 1010;
				ORGANIZATIONNAME = Petro;
				TargetAttributes = {
					EA34E60322F0440C009251FF = {
						CreatedOnToolsVersion = 10.1;
					};
				};
			};
			buildConfigurationList = EA34E5FF22F0440C009251FF /* Build configuration list for PBXProject "Hotel" */;
			compatibilityVersion = "Xcode 9.3";
			developmentRegion = en;
			hasScannedForEncodings = 0;
			knownRegions = (
				en,
				Base,
			);
			mainGroup = EA34E5FB22F0440C009251FF;
			productRefGroup = EA34E60522F0440C009251FF /* Products */;
			projectDirPath = "";
			projectRoot = "";
			targets = (
				EA34E60322F0440C009251FF /* Hotel */,
			);
		};
/* End PBXProject section */

/* Begin PBXResourcesBuildPhase section */
		EA34E60222F0440C009251FF /* Resources */ = {
			isa = PBXResourcesBuildPhase;
			buildActionMask = 2147483647;
			files = (
				EA34E63422F32BD4009251FF /* document.json in Resources */,
				EA34E61522F04413009251FF /* LaunchScreen.storyboard in Resources */,
				EA34E61222F04413009251FF /* Assets.xcassets in Resources */,
				EA34E60D22F0440D009251FF /* Main.storyboard in Resources */,
			);
			runOnlyForDeploymentPostprocessing = 0;
		};
/* End PBXResourcesBuildPhase section */

/* Begin PBXSourcesBuildPhase section */
		EA34E60022F0440C009251FF /* Sources */ = {
			isa = PBXSourcesBuildPhase;
			buildActionMask = 2147483647;
			files = (
				EA8D5A5B22FB28F9004EFD26 /* DetailViewController.swift in Sources */,
				EAA4E97622F5B5C100907BE0 /* HotelCell.swift in Sources */,
				EA34E63222F1A19A009251FF /* HotelModel.swift in Sources */,
				EAA4E97A22F5DEBA00907BE0 /* RoomViewController.swift in Sources */,
				EA34E60822F0440D009251FF /* AppDelegate.swift in Sources */,
				EA34E62E22F0DFF1009251FF /* ResponseAndParse.swift in Sources */,
				EA8D5A5D22FB2E1E004EFD26 /* DetailCell.swift in Sources */,
				EA34E61022F0440D009251FF /* Hotel.xcdatamodeld in Sources */,
				EAA4E97C22F5E0CC00907BE0 /* RoomCell.swift in Sources */,
				EA9715DD22FD54D7000F1C7F /* CollectionView.swift in Sources */,
				EAA4E97422F5B3C200907BE0 /* ListHotelsViewController.swift in Sources */,
				EA9715E322FD8758000F1C7F /* OrderViewController.swift in Sources */,
			);
			runOnlyForDeploymentPostprocessing = 0;
		};
/* End PBXSourcesBuildPhase section */

/* Begin PBXVariantGroup section */
		EA34E60B22F0440D009251FF /* Main.storyboard */ = {
			isa = PBXVariantGroup;
			children = (
				EA34E60C22F0440D009251FF /* Base */,
			);
			name = Main.storyboard;
			sourceTree = "<group>";
		};
		EA34E61322F04413009251FF /* LaunchScreen.storyboard */ = {
			isa = PBXVariantGroup;
			children = (
				EA34E61422F04413009251FF /* Base */,
			);
			name = LaunchScreen.storyboard;
			sourceTree = "<group>";
		};
/* End PBXVariantGroup section */

/* Begin XCBuildConfiguration section */
		EA34E61722F04413009251FF /* Debug */ = {
			isa = XCBuildConfiguration;
			buildSettings = {
				ALWAYS_SEARCH_USER_PATHS = NO;
				CLANG_ANALYZER_NONNULL = YES;
				CLANG_ANALYZER_NUMBER_OBJECT_CONVERSION = YES_AGGRESSIVE;
				CLANG_CXX_LANGUAGE_STANDARD = "gnu++14";
				CLANG_CXX_LIBRARY = "libc++";
				CLANG_ENABLE_MODULES = YES;
				CLANG_ENABLE_OBJC_ARC = YES;
				CLANG_ENABLE_OBJC_WEAK = YES;
				CLANG_WARN_BLOCK_CAPTURE_AUTORELEASING = YES;
				CLANG_WARN_BOOL_CONVERSION = YES;
				CLANG_WARN_COMMA = YES;
				CLANG_WARN_CONSTANT_CONVERSION = YES;
				CLANG_WARN_DEPRECATED_OBJC_IMPLEMENTATIONS = YES;
				CLANG_WARN_DIRECT_OBJC_ISA_USAGE = YES_ERROR;
				CLANG_WARN_DOCUMENTATION_COMMENTS = YES;
				CLANG_WARN_EMPTY_BODY = YES;
				CLANG_WARN_ENUM_CONVERSION = YES;
				CLANG_WARN_INFINITE_RECURSION = YES;
				CLANG_WARN_INT_CONVERSION = YES;
				CLANG_WARN_NON_LITERAL_NULL_CONVERSION = YES;
				CLANG_WARN_OBJC_IMPLICIT_RETAIN_SELF = YES;
				CLANG_WARN_OBJC_LITERAL_CONVERSION = YES;
				CLANG_WARN_OBJC_ROOT_CLASS = YES_ERROR;
				CLANG_WARN_RANGE_LOOP_ANALYSIS = YES;
				CLANG_WARN_STRICT_PROTOTYPES = YES;
				CLANG_WARN_SUSPICIOUS_MOVE = YES;
				CLANG_WARN_UNGUARDED_AVAILABILITY = YES_AGGRESSIVE;
				CLANG_WARN_UNREACHABLE_CODE = YES;
				CLANG_WARN__DUPLICATE_METHOD_MATCH = YES;
				CODE_SIGN_IDENTITY = "iPhone Developer";
				COPY_PHASE_STRIP = NO;
				DEBUG_INFORMATION_FORMAT = dwarf;
				ENABLE_STRICT_OBJC_MSGSEND = YES;
				ENABLE_TESTABILITY = YES;
				GCC_C_LANGUAGE_STANDARD = gnu11;
				GCC_DYNAMIC_NO_PIC = NO;
				GCC_NO_COMMON_BLOCKS = YES;
				GCC_OPTIMIZATION_LEVEL = 0;
				GCC_PREPROCESSOR_DEFINITIONS = (
					"DEBUG=1",
					"$(inherited)",
				);
				GCC_WARN_64_TO_32_BIT_CONVERSION = YES;
				GCC_WARN_ABOUT_RETURN_TYPE = YES_ERROR;
				GCC_WARN_UNDECLARED_SELECTOR = YES;
				GCC_WARN_UNINITIALIZED_AUTOS = YES_AGGRESSIVE;
				GCC_WARN_UNUSED_FUNCTION = YES;
				GCC_WARN_UNUSED_VARIABLE = YES;
				IPHONEOS_DEPLOYMENT_TARGET = 12.1;
				MTL_ENABLE_DEBUG_INFO = INCLUDE_SOURCE;
				MTL_FAST_MATH = YES;
				ONLY_ACTIVE_ARCH = YES;
				SDKROOT = iphoneos;
				SWIFT_ACTIVE_COMPILATION_CONDITIONS = DEBUG;
				SWIFT_OPTIMIZATION_LEVEL = "-Onone";
				SWIFT_VERSION = 4.2;
			};
			name = Debug;
		};
		EA34E61822F04413009251FF /* Release */ = {
			isa = XCBuildConfiguration;
			buildSettings = {
				ALWAYS_SEARCH_USER_PATHS = NO;
				CLANG_ANALYZER_NONNULL = YES;
				CLANG_ANALYZER_NUMBER_OBJECT_CONVERSION = YES_AGGRESSIVE;
				CLANG_CXX_LANGUAGE_STANDARD = "gnu++14";
				CLANG_CXX_LIBRARY = "libc++";
				CLANG_ENABLE_MODULES = YES;
				CLANG_ENABLE_OBJC_ARC = YES;
				CLANG_ENABLE_OBJC_WEAK = YES;
				CLANG_WARN_BLOCK_CAPTURE_AUTORELEASING = YES;
				CLANG_WARN_BOOL_CONVERSION = YES;
				CLANG_WARN_COMMA = YES;
				CLANG_WARN_CONSTANT_CONVERSION = YES;
				CLANG_WARN_DEPRECATED_OBJC_IMPLEMENTATIONS = YES;
				CLANG_WARN_DIRECT_OBJC_ISA_USAGE = YES_ERROR;
				CLANG_WARN_DOCUMENTATION_COMMENTS = YES;
				CLANG_WARN_EMPTY_BODY = YES;
				CLANG_WARN_ENUM_CONVERSION = YES;
				CLANG_WARN_INFINITE_RECURSION = YES;
				CLANG_WARN_INT_CONVERSION = YES;
				CLANG_WARN_NON_LITERAL_NULL_CONVERSION = YES;
				CLANG_WARN_OBJC_IMPLICIT_RETAIN_SELF = YES;
				CLANG_WARN_OBJC_LITERAL_CONVERSION = YES;
				CLANG_WARN_OBJC_ROOT_CLASS = YES_ERROR;
				CLANG_WARN_RANGE_LOOP_ANALYSIS = YES;
				CLANG_WARN_STRICT_PROTOTYPES = YES;
				CLANG_WARN_SUSPICIOUS_MOVE = YES;
				CLANG_WARN_UNGUARDED_AVAILABILITY = YES_AGGRESSIVE;
				CLANG_WARN_UNREACHABLE_CODE = YES;
				CLANG_WARN__DUPLICATE_METHOD_MATCH = YES;
				CODE_SIGN_IDENTITY = "iPhone Developer";
				COPY_PHASE_STRIP = NO;
				DEBUG_INFORMATION_FORMAT = "dwarf-with-dsym";
				ENABLE_NS_ASSERTIONS = NO;
				ENABLE_STRICT_OBJC_MSGSEND = YES;
				GCC_C_LANGUAGE_STANDARD = gnu11;
				GCC_NO_COMMON_BLOCKS = YES;
				GCC_WARN_64_TO_32_BIT_CONVERSION = YES;
				GCC_WARN_ABOUT_RETURN_TYPE = YES_ERROR;
				GCC_WARN_UNDECLARED_SELECTOR = YES;
				GCC_WARN_UNINITIALIZED_AUTOS = YES_AGGRESSIVE;
				GCC_WARN_UNUSED_FUNCTION = YES;
				GCC_WARN_UNUSED_VARIABLE = YES;
				IPHONEOS_DEPLOYMENT_TARGET = 12.1;
				MTL_ENABLE_DEBUG_INFO = NO;
				MTL_FAST_MATH = YES;
				SDKROOT = iphoneos;
				SWIFT_COMPILATION_MODE = wholemodule;
				SWIFT_OPTIMIZATION_LEVEL = "-O";
				SWIFT_VERSION = 4.2;
				VALIDATE_PRODUCT = YES;
			};
			name = Release;
		};
		EA34E61A22F04413009251FF /* Debug */ = {
			isa = XCBuildConfiguration;
			buildSettings = {
				ASSETCATALOG_COMPILER_APPICON_NAME = AppIcon;
				CODE_SIGN_STYLE = Automatic;
				DEVELOPMENT_TEAM = 4R56U7KD56;
				INFOPLIST_FILE = Hotel/Info.plist;
				LD_RUNPATH_SEARCH_PATHS = (
					"$(inherited)",
					"@executable_path/Frameworks",
				);
				PRODUCT_BUNDLE_IDENTIFIER = Petro.Hotel;
				PRODUCT_NAME = "$(TARGET_NAME)";
				SWIFT_VERSION = 4.2;
				TARGETED_DEVICE_FAMILY = "1,2";
			};
			name = Debug;
		};
		EA34E61B22F04413009251FF /* Release */ = {
			isa = XCBuildConfiguration;
			buildSettings = {
				ASSETCATALOG_COMPILER_APPICON_NAME = AppIcon;
				CODE_SIGN_STYLE = Automatic;
				DEVELOPMENT_TEAM = 4R56U7KD56;
				INFOPLIST_FILE = Hotel/Info.plist;
				LD_RUNPATH_SEARCH_PATHS = (
					"$(inherited)",
					"@executable_path/Frameworks",
				);
				PRODUCT_BUNDLE_IDENTIFIER = Petro.Hotel;
				PRODUCT_NAME = "$(TARGET_NAME)";
				SWIFT_VERSION = 4.2;
				TARGETED_DEVICE_FAMILY = "1,2";
			};
			name = Release;
		};
/* End XCBuildConfiguration section */

/* Begin XCConfigurationList section */
		EA34E5FF22F0440C009251FF /* Build configuration list for PBXProject "Hotel" */ = {
			isa = XCConfigurationList;
			buildConfigurations = (
				EA34E61722F04413009251FF /* Debug */,
				EA34E61822F04413009251FF /* Release */,
			);
			defaultConfigurationIsVisible = 0;
			defaultConfigurationName = Release;
		};
		EA34E61922F04413009251FF /* Build configuration list for PBXNativeTarget "Hotel" */ = {
			isa = XCConfigurationList;
			buildConfigurations = (
				EA34E61A22F04413009251FF /* Debug */,
				EA34E61B22F04413009251FF /* Release */,
			);
			defaultConfigurationIsVisible = 0;
			defaultConfigurationName = Release;
		};
/* End XCConfigurationList section */

/* Begin XCVersionGroup section */
		EA34E60E22F0440D009251FF /* Hotel.xcdatamodeld */ = {
			isa = XCVersionGroup;
			children = (
				EA34E60F22F0440D009251FF /* Hotel.xcdatamodel */,
			);
			currentVersion = EA34E60F22F0440D009251FF /* Hotel.xcdatamodel */;
			path = Hotel.xcdatamodeld;
			sourceTree = "<group>";
			versionGroupType = wrapper.xcdatamodel;
		};
/* End XCVersionGroup section */
	};
	rootObject = EA34E5FC22F0440C009251FF /* Project object */;
}
